
Microsoft Visual Studio Solution File, Format Version 12.00
# Visual Studio 15
VisualStudioVersion = 15.0.28307.1169
MinimumVisualStudioVersion = 10.0.40219.1
Project("{8BC9CEB8-8B4A-11D0-8D11-00A0C91BC942}") = "Processing", "Processing\Processing.vcxproj", "{C5F80730-F44F-4478-BDAE-6634EFC2CA88}"
EndProject
Project("{2150E333-8FDC-42A3-9474-1A3956D46DE8}") = "Solution Items", "Solution Items", "{BBE4A39C-2105-46B9-9840-7579A7B656BB}"
	ProjectSection(SolutionItems) = preProject
		Beschrijving Processing.txt = Beschrijving Processing.txt
	EndProjectSection
EndProject
Project("{8BC9CEB8-8B4A-11D0-8D11-00A0C91BC942}") = "Adafruit_SSD1306-2.1.0", "Libraries\Adafruit_SSD1306\2.1.0\Adafruit_SSD1306\Adafruit_SSD1306-2.1.0.vcxitems", "{A9386729-756B-4B91-94CB-681A3844045F}"
EndProject
Project("{8BC9CEB8-8B4A-11D0-8D11-00A0C91BC942}") = "Adafruit_GFX_Library-1.7.5", "Libraries\Adafruit_GFX_Library\1.7.5\Adafruit_GFX_Library\Adafruit_GFX_Library-1.7.5.vcxitems", "{4FAD0E82-26F8-465A-B004-6475E1595DBF}"
EndProject
Global
	GlobalSection(SharedMSBuildProjectFiles) = preSolution
		Libraries\Adafruit_GFX_Library\1.7.5\Adafruit_GFX_Library\Adafruit_GFX_Library-1.7.5.vcxitems*{4fad0e82-26f8-465a-b004-6475e1595dbf}*SharedItemsImports = 9
		Libraries\Adafruit_SSD1306\2.1.0\Adafruit_SSD1306\Adafruit_SSD1306-2.1.0.vcxitems*{a9386729-756b-4b91-94cb-681a3844045f}*SharedItemsImports = 9
		Libraries\Adafruit_GFX_Library\1.7.5\Adafruit_GFX_Library\Adafruit_GFX_Library-1.7.5.vcxitems*{c5f80730-f44f-4478-bdae-6634efc2ca88}*SharedItemsImports = 4
		Libraries\Adafruit_SSD1306\2.1.0\Adafruit_SSD1306\Adafruit_SSD1306-2.1.0.vcxitems*{c5f80730-f44f-4478-bdae-6634efc2ca88}*SharedItemsImports = 4
	EndGlobalSection
	GlobalSection(SolutionConfigurationPlatforms) = preSolution
		Debug|x86 = Debug|x86
		Release|x86 = Release|x86
	EndGlobalSection
	GlobalSection(ProjectConfigurationPlatforms) = postSolution
		{C5F80730-F44F-4478-BDAE-6634EFC2CA88}.Debug|x86.ActiveCfg = Debug|Win32
		{C5F80730-F44F-4478-BDAE-6634EFC2CA88}.Debug|x86.Build.0 = Debug|Win32
		{C5F80730-F44F-4478-BDAE-6634EFC2CA88}.Release|x86.ActiveCfg = Release|Win32
		{C5F80730-F44F-4478-BDAE-6634EFC2CA88}.Release|x86.Build.0 = Release|Win32
	EndGlobalSection
	GlobalSection(SolutionProperties) = preSolution
		HideSolutionNode = FALSE
	EndGlobalSection
	GlobalSection(ExtensibilityGlobals) = postSolution
		SolutionGuid = {F0F56B0E-E5D2-40FF-9256-E42852DDF44E}
	EndGlobalSection
EndGlobal
